
Microsoft Visual Studio Solution File, Format Version 12.00
# Visual Studio Version 17
VisualStudioVersion = 17.13.35919.96 d17.13
MinimumVisualStudioVersion = 10.0.40219.1
Project("{FAE04EC0-301F-11D3-BF4B-00C04F79EFBC}") = "Odds", "Odds\Odds.csproj", "{2FD9ABF2-1607-4091-9866-47F097CB2AF4}"
EndProject
Global
	GlobalSection(SolutionConfigurationPlatforms) = preSolution
		Debug|Any CPU = Debug|Any CPU
		Release|Any CPU = Release|Any CPU
	EndGlobalSection
	GlobalSection(ProjectConfigurationPlatforms) = postSolution
		{2FD9ABF2-1607-4091-9866-47F097CB2AF4}.Debug|Any CPU.ActiveCfg = Debug|Any CPU
		{2FD9ABF2-1607-4091-9866-47F097CB2AF4}.Debug|Any CPU.Build.0 = Debug|Any CPU
		{2FD9ABF2-1607-4091-9866-47F097CB2AF4}.Release|Any CPU.ActiveCfg = Release|Any CPU
		{2FD9ABF2-1607-4091-9866-47F097CB2AF4}.Release|Any CPU.Build.0 = Release|Any CPU
	EndGlobalSection
	GlobalSection(SolutionProperties) = preSolution
		HideSolutionNode = FALSE
	EndGlobalSection
	GlobalSection(ExtensibilityGlobals) = postSolution
		SolutionGuid = {58930C9E-1B87-4756-BE0A-8C5457D341E3}
	EndGlobalSection
EndGlobal
